
Microsoft Visual Studio Solution File, Format Version 12.00
# Visual Studio Version 16
VisualStudioVersion = 16.0.30225.117
MinimumVisualStudioVersion = 10.0.40219.1
Project("{9A19103F-16F7-4668-BE54-9A1E7A4F7556}") = "Decepticon.RateLimit.Redis", "RateLimit.Redis\Decepticon.RateLimit.Redis.csproj", "{1C8D6496-2F40-4B7E-9157-E3C8B001A629}"
EndProject
Project("{9A19103F-16F7-4668-BE54-9A1E7A4F7556}") = "Decepticon.RateLimit.Redis.Tests", "RateLimit.Redis.Tests\Decepticon.RateLimit.Redis.Tests.csproj", "{694413B6-3075-42D1-994C-18A8CC5546C3}"
EndProject
Global
	GlobalSection(SolutionConfigurationPlatforms) = preSolution
		Debug|Any CPU = Debug|Any CPU
		Release|Any CPU = Release|Any CPU
	EndGlobalSection
	GlobalSection(ProjectConfigurationPlatforms) = postSolution
		{1C8D6496-2F40-4B7E-9157-E3C8B001A629}.Debug|Any CPU.ActiveCfg = Debug|Any CPU
		{1C8D6496-2F40-4B7E-9157-E3C8B001A629}.Debug|Any CPU.Build.0 = Debug|Any CPU
		{1C8D6496-2F40-4B7E-9157-E3C8B001A629}.Release|Any CPU.ActiveCfg = Release|Any CPU
		{1C8D6496-2F40-4B7E-9157-E3C8B001A629}.Release|Any CPU.Build.0 = Release|Any CPU
		{694413B6-3075-42D1-994C-18A8CC5546C3}.Debug|Any CPU.ActiveCfg = Debug|Any CPU
		{694413B6-3075-42D1-994C-18A8CC5546C3}.Debug|Any CPU.Build.0 = Debug|Any CPU
		{694413B6-3075-42D1-994C-18A8CC5546C3}.Release|Any CPU.ActiveCfg = Release|Any CPU
		{694413B6-3075-42D1-994C-18A8CC5546C3}.Release|Any CPU.Build.0 = Release|Any CPU
	EndGlobalSection
	GlobalSection(SolutionProperties) = preSolution
		HideSolutionNode = FALSE
	EndGlobalSection
	GlobalSection(ExtensibilityGlobals) = postSolution
		SolutionGuid = {09B39601-91E3-469E-9F9C-AD98417A3753}
	EndGlobalSection
EndGlobal
